// !$*UTF8*$!
{
	archiveVersion = 1;
	classes = {
	};
	objectVersion = 46;
	objects = {

/* Begin PBXBuildFile section */
		18CD9DD9167B001800CF2DCA /* Foundation.framework in Frameworks */ = {isa = PBXBuildFile; fileRef = 18CD9DD8167B001800CF2DCA /* Foundation.framework */; };
		18CD9DDC167B001800CF2DCA /* main.m in Sources */ = {isa = PBXBuildFile; fileRef = 18CD9DDB167B001800CF2DCA /* main.m */; };
		18CD9DE0167B001800CF2DCA /* FoudationTask.1 in CopyFiles */ = {isa = PBXBuildFile; fileRef = 18CD9DDF167B001800CF2DCA /* FoudationTask.1 */; };
/* End PBXBuildFile section */

/* Begin PBXCopyFilesBuildPhase section */
		18CD9DD2167B001800CF2DCA /* CopyFiles */ = {
			isa = PBXCopyFilesBuildPhase;
			buildActionMask = 2147483647;
			dstPath = /usr/share/man/man1/;
			dstSubfolderSpec = 0;
			files = (
				18CD9DE0167B001800CF2DCA /* FoudationTask.1 in CopyFiles */,
			);
			runOnlyForDeploymentPostprocessing = 1;
		};
/* End PBXCopyFilesBuildPhase section */

/* Begin PBXFileReference section */
		18CD9DD4167B001800CF2DCA /* FoudationTask */ = {isa = PBXFileReference; explicitFileType = "compiled.mach-o.executable"; includeInIndex = 0; path = FoudationTask; sourceTree = BUILT_PRODUCTS_DIR; };
		18CD9DD8167B001800CF2DCA /* Foundation.framework */ = {isa = PBXFileReference; lastKnownFileType = wrapper.framework; name = Foundation.framework; path = System/Library/Frameworks/Foundation.framework; sourceTree = SDKROOT; };
		18CD9DDB167B001800CF2DCA /* main.m */ = {isa = PBXFileReference; lastKnownFileType = sourcecode.c.objc; path = main.m; sourceTree = "<group>"; };
		18CD9DDE167B001800CF2DCA /* FoudationTask-Prefix.pch */ = {isa = PBXFileReference; lastKnownFileType = sourcecode.c.h; path = "FoudationTask-Prefix.pch"; sourceTree = "<group>"; };
		18CD9DDF167B001800CF2DCA /* FoudationTask.1 */ = {isa = PBXFileReference; lastKnownFileType = text.man; path = FoudationTask.1; sourceTree = "<group>"; };
/* End PBXFileReference section */

/* Begin PBXFrameworksBuildPhase section */
		18CD9DD1167B001800CF2DCA /* Frameworks */ = {
			isa = PBXFrameworksBuildPhase;
			buildActionMask = 2147483647;
			files = (
				18CD9DD9167B001800CF2DCA /* Foundation.framework in Frameworks */,
			);
			runOnlyForDeploymentPostprocessing = 0;
		};
/* End PBXFrameworksBuildPhase section */

/* Begin PBXGroup section */
		18CD9DC9167B001800CF2DCA = {
			isa = PBXGroup;
			children = (
				18CD9DDA167B001800CF2DCA /* FoudationTask */,
				18CD9DD7167B001800CF2DCA /* Frameworks */,
				18CD9DD5167B001800CF2DCA /* Products */,
			);
			sourceTree = "<group>";
		};
		18CD9DD5167B001800CF2DCA /* Products */ = {
			isa = PBXGroup;
			children = (
				18CD9DD4167B001800CF2DCA /* FoudationTask */,
			);
			name = Products;
			sourceTree = "<group>";
		};
		18CD9DD7167B001800CF2DCA /* Frameworks */ = {
			isa = PBXGroup;
			children = (
				18CD9DD8167B001800CF2DCA /* Foundation.framework */,
			);
			name = Frameworks;
			sourceTree = "<group>";
		};
		18CD9DDA167B001800CF2DCA /* FoudationTask */ = {
			isa = PBXGroup;
			children = (
				18CD9DDB167B001800CF2DCA /* main.m */,
				18CD9DDF167B001800CF2DCA /* FoudationTask.1 */,
				18CD9DDD167B001800CF2DCA /* Supporting Files */,
			);
			path = FoudationTask;
			sourceTree = "<group>";
		};
		18CD9DDD167B001800CF2DCA /* Supporting Files */ = {
			isa = PBXGroup;
			children = (
				18CD9DDE167B001800CF2DCA /* FoudationTask-Prefix.pch */,
			);
			name = "Supporting Files";
			sourceTree = "<group>";
		};
/* End PBXGroup section */

/* Begin PBXNativeTarget section */
		18CD9DD3167B001800CF2DCA /* FoudationTask */ = {
			isa = PBXNativeTarget;
			buildConfigurationList = 18CD9DE3167B001800CF2DCA /* Build configuration list for PBXNativeTarget "FoudationTask" */;
			buildPhases = (
				18CD9DD0167B001800CF2DCA /* Sources */,
				18CD9DD1167B001800CF2DCA /* Frameworks */,
				18CD9DD2167B001800CF2DCA /* CopyFiles */,
			);
			buildRules = (
			);
			dependencies = (
			);
			name = FoudationTask;
			productName = FoudationTask;
			productReference = 18CD9DD4167B001800CF2DCA /* FoudationTask */;
			productType = "com.apple.product-type.tool";
		};
/* End PBXNativeTarget section */

/* Begin PBXProject section */
		18CD9DCB167B001800CF2DCA /* Project object */ = {
			isa = PBXProject;
			attributes = {
				LastUpgradeCheck = 0450;
				ORGANIZATIONNAME = "www.iphonetrain.com 无限互联3G学院";
			};
			buildConfigurationList = 18CD9DCE167B001800CF2DCA /* Build configuration list for PBXProject "FoudationTask" */;
			compatibilityVersion = "Xcode 3.2";
			developmentRegion = English;
			hasScannedForEncodings = 0;
			knownRegions = (
				en,
			);
			mainGroup = 18CD9DC9167B001800CF2DCA;
			productRefGroup = 18CD9DD5167B001800CF2DCA /* Products */;
			projectDirPath = "";
			projectRoot = "";
			targets = (
				18CD9DD3167B001800CF2DCA /* FoudationTask */,
			);
		};
/* End PBXProject section */

/* Begin PBXSourcesBuildPhase section */
		18CD9DD0167B001800CF2DCA /* Sources */ = {
			isa = PBXSourcesBuildPhase;
			buildActionMask = 2147483647;
			files = (
				18CD9DDC167B001800CF2DCA /* main.m in Sources */,
			);
			runOnlyForDeploymentPostprocessing = 0;
		};
/* End PBXSourcesBuildPhase section */

/* Begin XCBuildConfiguration section */
		18CD9DE1167B001800CF2DCA /* Debug */ = {
			isa = XCBuildConfiguration;
			buildSettings = {
				ALWAYS_SEARCH_USER_PATHS = NO;
				ARCHS = "$(ARCHS_STANDARD_64_BIT)";
				CLANG_CXX_LANGUAGE_STANDARD = "gnu++0x";
				CLANG_CXX_LIBRARY = "libc++";
				CLANG_WARN_EMPTY_BODY = YES;
				CLANG_WARN__DUPLICATE_METHOD_MATCH = YES;
				COPY_PHASE_STRIP = NO;
				GCC_C_LANGUAGE_STANDARD = gnu99;
				GCC_DYNAMIC_NO_PIC = NO;
				GCC_ENABLE_OBJC_EXCEPTIONS = YES;
				GCC_OPTIMIZATION_LEVEL = 0;
				GCC_PREPROCESSOR_DEFINITIONS = (
					"DEBUG=1",
					"$(inherited)",
				);
				GCC_SYMBOLS_PRIVATE_EXTERN = NO;
				GCC_WARN_64_TO_32_BIT_CONVERSION = YES;
				GCC_WARN_ABOUT_RETURN_TYPE = YES;
				GCC_WARN_UNINITIALIZED_AUTOS = YES;
				GCC_WARN_UNUSED_VARIABLE = YES;
				MACOSX_DEPLOYMENT_TARGET = 10.8;
				ONLY_ACTIVE_ARCH = YES;
				SDKROOT = macosx;
			};
			name = Debug;
		};
		18CD9DE2167B001800CF2DCA /* Release */ = {
			isa = XCBuildConfiguration;
			buildSettings = {
				ALWAYS_SEARCH_USER_PATHS = NO;
				ARCHS = "$(ARCHS_STANDARD_64_BIT)";
				CLANG_CXX_LANGUAGE_STANDARD = "gnu++0x";
				CLANG_CXX_LIBRARY = "libc++";
				CLANG_WARN_EMPTY_BODY = YES;
				CLANG_WARN__DUPLICATE_METHOD_MATCH = YES;
				COPY_PHASE_STRIP = YES;
				DEBUG_INFORMATION_FORMAT = "dwarf-with-dsym";
				GCC_C_LANGUAGE_STANDARD = gnu99;
				GCC_ENABLE_OBJC_EXCEPTIONS = YES;
				GCC_WARN_64_TO_32_BIT_CONVERSION = YES;
				GCC_WARN_ABOUT_RETURN_TYPE = YES;
				GCC_WARN_UNINITIALIZED_AUTOS = YES;
				GCC_WARN_UNUSED_VARIABLE = YES;
				MACOSX_DEPLOYMENT_TARGET = 10.8;
				SDKROOT = macosx;
			};
			name = Release;
		};
		18CD9DE4167B001800CF2DCA /* Debug */ = {
			isa = XCBuildConfiguration;
			buildSettings = {
				GCC_PRECOMPILE_PREFIX_HEADER = YES;
				GCC_PREFIX_HEADER = "FoudationTask/FoudationTask-Prefix.pch";
				PRODUCT_NAME = "$(TARGET_NAME)";
			};
			name = Debug;
		};
		18CD9DE5167B001800CF2DCA /* Release */ = {
			isa = XCBuildConfiguration;
			buildSettings = {
				GCC_PRECOMPILE_PREFIX_HEADER = YES;
				GCC_PREFIX_HEADER = "FoudationTask/FoudationTask-Prefix.pch";
				PRODUCT_NAME = "$(TARGET_NAME)";
			};
			name = Release;
		};
/* End XCBuildConfiguration section */

/* Begin XCConfigurationList section */
		18CD9DCE167B001800CF2DCA /* Build configuration list for PBXProject "FoudationTask" */ = {
			isa = XCConfigurationList;
			buildConfigurations = (
				18CD9DE1167B001800CF2DCA /* Debug */,
				18CD9DE2167B001800CF2DCA /* Release */,
			);
			defaultConfigurationIsVisible = 0;
			defaultConfigurationName = Release;
		};
		18CD9DE3167B001800CF2DCA /* Build configuration list for PBXNativeTarget "FoudationTask" */ = {
			isa = XCConfigurationList;
			buildConfigurations = (
				18CD9DE4167B001800CF2DCA /* Debug */,
				18CD9DE5167B001800CF2DCA /* Release */,
			);
			defaultConfigurationIsVisible = 0;
		};
/* End XCConfigurationList section */
	};
	rootObject = 18CD9DCB167B001800CF2DCA /* Project object */;
}
