// !$*UTF8*$!
{
	archiveVersion = 1;
	classes = {
	};
	objectVersion = 46;
	objects = {

/* Begin PBXBuildFile section */
		18D2858917B0E59B00C42F7D /* Foundation.framework in Frameworks */ = {isa = PBXBuildFile; fileRef = 18D2858817B0E59B00C42F7D /* Foundation.framework */; };
		18D2858C17B0E59B00C42F7D /* main.m in Sources */ = {isa = PBXBuildFile; fileRef = 18D2858B17B0E59B00C42F7D /* main.m */; };
		18D2859017B0E59B00C42F7D /* _4_task4.1 in CopyFiles */ = {isa = PBXBuildFile; fileRef = 18D2858F17B0E59B00C42F7D /* _4_task4.1 */; };
		18D2859A17B0E5D200C42F7D /* Children.m in Sources */ = {isa = PBXBuildFile; fileRef = 18D2859717B0E5D200C42F7D /* Children.m */; };
		18D2859B17B0E5D200C42F7D /* Nurse.m in Sources */ = {isa = PBXBuildFile; fileRef = 18D2859917B0E5D200C42F7D /* Nurse.m */; };
/* End PBXBuildFile section */

/* Begin PBXCopyFilesBuildPhase section */
		18D2858317B0E59B00C42F7D /* CopyFiles */ = {
			isa = PBXCopyFilesBuildPhase;
			buildActionMask = 2147483647;
			dstPath = /usr/share/man/man1/;
			dstSubfolderSpec = 0;
			files = (
				18D2859017B0E59B00C42F7D /* _4_task4.1 in CopyFiles */,
			);
			runOnlyForDeploymentPostprocessing = 1;
		};
/* End PBXCopyFilesBuildPhase section */

/* Begin PBXFileReference section */
		18D2858517B0E59B00C42F7D /* 04 task4 */ = {isa = PBXFileReference; explicitFileType = "compiled.mach-o.executable"; includeInIndex = 0; path = "04 task4"; sourceTree = BUILT_PRODUCTS_DIR; };
		18D2858817B0E59B00C42F7D /* Foundation.framework */ = {isa = PBXFileReference; lastKnownFileType = wrapper.framework; name = Foundation.framework; path = System/Library/Frameworks/Foundation.framework; sourceTree = SDKROOT; };
		18D2858B17B0E59B00C42F7D /* main.m */ = {isa = PBXFileReference; lastKnownFileType = sourcecode.c.objc; path = main.m; sourceTree = "<group>"; };
		18D2858E17B0E59B00C42F7D /* 04 task4-Prefix.pch */ = {isa = PBXFileReference; lastKnownFileType = sourcecode.c.h; path = "04 task4-Prefix.pch"; sourceTree = "<group>"; };
		18D2858F17B0E59B00C42F7D /* _4_task4.1 */ = {isa = PBXFileReference; lastKnownFileType = text.man; path = _4_task4.1; sourceTree = "<group>"; };
		18D2859617B0E5D200C42F7D /* Children.h */ = {isa = PBXFileReference; fileEncoding = 4; lastKnownFileType = sourcecode.c.h; path = Children.h; sourceTree = "<group>"; };
		18D2859717B0E5D200C42F7D /* Children.m */ = {isa = PBXFileReference; fileEncoding = 4; lastKnownFileType = sourcecode.c.objc; path = Children.m; sourceTree = "<group>"; };
		18D2859817B0E5D200C42F7D /* Nurse.h */ = {isa = PBXFileReference; fileEncoding = 4; lastKnownFileType = sourcecode.c.h; path = Nurse.h; sourceTree = "<group>"; };
		18D2859917B0E5D200C42F7D /* Nurse.m */ = {isa = PBXFileReference; fileEncoding = 4; lastKnownFileType = sourcecode.c.objc; path = Nurse.m; sourceTree = "<group>"; };
/* End PBXFileReference section */

/* Begin PBXFrameworksBuildPhase section */
		18D2858217B0E59B00C42F7D /* Frameworks */ = {
			isa = PBXFrameworksBuildPhase;
			buildActionMask = 2147483647;
			files = (
				18D2858917B0E59B00C42F7D /* Foundation.framework in Frameworks */,
			);
			runOnlyForDeploymentPostprocessing = 0;
		};
/* End PBXFrameworksBuildPhase section */

/* Begin PBXGroup section */
		18D2857C17B0E59B00C42F7D = {
			isa = PBXGroup;
			children = (
				18D2858A17B0E59B00C42F7D /* 04 task4 */,
				18D2858717B0E59B00C42F7D /* Frameworks */,
				18D2858617B0E59B00C42F7D /* Products */,
			);
			sourceTree = "<group>";
		};
		18D2858617B0E59B00C42F7D /* Products */ = {
			isa = PBXGroup;
			children = (
				18D2858517B0E59B00C42F7D /* 04 task4 */,
			);
			name = Products;
			sourceTree = "<group>";
		};
		18D2858717B0E59B00C42F7D /* Frameworks */ = {
			isa = PBXGroup;
			children = (
				18D2858817B0E59B00C42F7D /* Foundation.framework */,
			);
			name = Frameworks;
			sourceTree = "<group>";
		};
		18D2858A17B0E59B00C42F7D /* 04 task4 */ = {
			isa = PBXGroup;
			children = (
				18D2858B17B0E59B00C42F7D /* main.m */,
				18D2859617B0E5D200C42F7D /* Children.h */,
				18D2859717B0E5D200C42F7D /* Children.m */,
				18D2859817B0E5D200C42F7D /* Nurse.h */,
				18D2859917B0E5D200C42F7D /* Nurse.m */,
				18D2858F17B0E59B00C42F7D /* _4_task4.1 */,
				18D2858D17B0E59B00C42F7D /* Supporting Files */,
			);
			path = "04 task4";
			sourceTree = "<group>";
		};
		18D2858D17B0E59B00C42F7D /* Supporting Files */ = {
			isa = PBXGroup;
			children = (
				18D2858E17B0E59B00C42F7D /* 04 task4-Prefix.pch */,
			);
			name = "Supporting Files";
			sourceTree = "<group>";
		};
/* End PBXGroup section */

/* Begin PBXNativeTarget section */
		18D2858417B0E59B00C42F7D /* 04 task4 */ = {
			isa = PBXNativeTarget;
			buildConfigurationList = 18D2859317B0E59B00C42F7D /* Build configuration list for PBXNativeTarget "04 task4" */;
			buildPhases = (
				18D2858117B0E59B00C42F7D /* Sources */,
				18D2858217B0E59B00C42F7D /* Frameworks */,
				18D2858317B0E59B00C42F7D /* CopyFiles */,
			);
			buildRules = (
			);
			dependencies = (
			);
			name = "04 task4";
			productName = "04 task4";
			productReference = 18D2858517B0E59B00C42F7D /* 04 task4 */;
			productType = "com.apple.product-type.tool";
		};
/* End PBXNativeTarget section */

/* Begin PBXProject section */
		18D2857D17B0E59B00C42F7D /* Project object */ = {
			isa = PBXProject;
			attributes = {
				LastUpgradeCheck = 0460;
				ORGANIZATIONNAME = "www.iphonetrain.com 无限互联3G学院";
			};
			buildConfigurationList = 18D2858017B0E59B00C42F7D /* Build configuration list for PBXProject "04 task4" */;
			compatibilityVersion = "Xcode 3.2";
			developmentRegion = English;
			hasScannedForEncodings = 0;
			knownRegions = (
				en,
			);
			mainGroup = 18D2857C17B0E59B00C42F7D;
			productRefGroup = 18D2858617B0E59B00C42F7D /* Products */;
			projectDirPath = "";
			projectRoot = "";
			targets = (
				18D2858417B0E59B00C42F7D /* 04 task4 */,
			);
		};
/* End PBXProject section */

/* Begin PBXSourcesBuildPhase section */
		18D2858117B0E59B00C42F7D /* Sources */ = {
			isa = PBXSourcesBuildPhase;
			buildActionMask = 2147483647;
			files = (
				18D2858C17B0E59B00C42F7D /* main.m in Sources */,
				18D2859A17B0E5D200C42F7D /* Children.m in Sources */,
				18D2859B17B0E5D200C42F7D /* Nurse.m in Sources */,
			);
			runOnlyForDeploymentPostprocessing = 0;
		};
/* End PBXSourcesBuildPhase section */

/* Begin XCBuildConfiguration section */
		18D2859117B0E59B00C42F7D /* Debug */ = {
			isa = XCBuildConfiguration;
			buildSettings = {
				ALWAYS_SEARCH_USER_PATHS = NO;
				ARCHS = "$(ARCHS_STANDARD_64_BIT)";
				CLANG_CXX_LANGUAGE_STANDARD = "gnu++0x";
				CLANG_CXX_LIBRARY = "libc++";
				CLANG_WARN_CONSTANT_CONVERSION = YES;
				CLANG_WARN_EMPTY_BODY = YES;
				CLANG_WARN_ENUM_CONVERSION = YES;
				CLANG_WARN_INT_CONVERSION = YES;
				CLANG_WARN__DUPLICATE_METHOD_MATCH = YES;
				COPY_PHASE_STRIP = NO;
				GCC_C_LANGUAGE_STANDARD = gnu99;
				GCC_DYNAMIC_NO_PIC = NO;
				GCC_ENABLE_OBJC_EXCEPTIONS = YES;
				GCC_OPTIMIZATION_LEVEL = 0;
				GCC_PREPROCESSOR_DEFINITIONS = (
					"DEBUG=1",
					"$(inherited)",
				);
				GCC_SYMBOLS_PRIVATE_EXTERN = NO;
				GCC_WARN_64_TO_32_BIT_CONVERSION = YES;
				GCC_WARN_ABOUT_RETURN_TYPE = YES;
				GCC_WARN_UNINITIALIZED_AUTOS = YES;
				GCC_WARN_UNUSED_VARIABLE = YES;
				MACOSX_DEPLOYMENT_TARGET = 10.8;
				ONLY_ACTIVE_ARCH = YES;
				SDKROOT = macosx;
			};
			name = Debug;
		};
		18D2859217B0E59B00C42F7D /* Release */ = {
			isa = XCBuildConfiguration;
			buildSettings = {
				ALWAYS_SEARCH_USER_PATHS = NO;
				ARCHS = "$(ARCHS_STANDARD_64_BIT)";
				CLANG_CXX_LANGUAGE_STANDARD = "gnu++0x";
				CLANG_CXX_LIBRARY = "libc++";
				CLANG_WARN_CONSTANT_CONVERSION = YES;
				CLANG_WARN_EMPTY_BODY = YES;
				CLANG_WARN_ENUM_CONVERSION = YES;
				CLANG_WARN_INT_CONVERSION = YES;
				CLANG_WARN__DUPLICATE_METHOD_MATCH = YES;
				COPY_PHASE_STRIP = YES;
				DEBUG_INFORMATION_FORMAT = "dwarf-with-dsym";
				GCC_C_LANGUAGE_STANDARD = gnu99;
				GCC_ENABLE_OBJC_EXCEPTIONS = YES;
				GCC_WARN_64_TO_32_BIT_CONVERSION = YES;
				GCC_WARN_ABOUT_RETURN_TYPE = YES;
				GCC_WARN_UNINITIALIZED_AUTOS = YES;
				GCC_WARN_UNUSED_VARIABLE = YES;
				MACOSX_DEPLOYMENT_TARGET = 10.8;
				SDKROOT = macosx;
			};
			name = Release;
		};
		18D2859417B0E59B00C42F7D /* Debug */ = {
			isa = XCBuildConfiguration;
			buildSettings = {
				GCC_PRECOMPILE_PREFIX_HEADER = YES;
				GCC_PREFIX_HEADER = "04 task4/04 task4-Prefix.pch";
				PRODUCT_NAME = "$(TARGET_NAME)";
			};
			name = Debug;
		};
		18D2859517B0E59B00C42F7D /* Release */ = {
			isa = XCBuildConfiguration;
			buildSettings = {
				GCC_PRECOMPILE_PREFIX_HEADER = YES;
				GCC_PREFIX_HEADER = "04 task4/04 task4-Prefix.pch";
				PRODUCT_NAME = "$(TARGET_NAME)";
			};
			name = Release;
		};
/* End XCBuildConfiguration section */

/* Begin XCConfigurationList section */
		18D2858017B0E59B00C42F7D /* Build configuration list for PBXProject "04 task4" */ = {
			isa = XCConfigurationList;
			buildConfigurations = (
				18D2859117B0E59B00C42F7D /* Debug */,
				18D2859217B0E59B00C42F7D /* Release */,
			);
			defaultConfigurationIsVisible = 0;
			defaultConfigurationName = Release;
		};
		18D2859317B0E59B00C42F7D /* Build configuration list for PBXNativeTarget "04 task4" */ = {
			isa = XCConfigurationList;
			buildConfigurations = (
				18D2859417B0E59B00C42F7D /* Debug */,
				18D2859517B0E59B00C42F7D /* Release */,
			);
			defaultConfigurationIsVisible = 0;
		};
/* End XCConfigurationList section */
	};
	rootObject = 18D2857D17B0E59B00C42F7D /* Project object */;
}
