// !$*UTF8*$!
{
	archiveVersion = 1;
	classes = {
	};
	objectVersion = 46;
	objects = {

/* Begin PBXBuildFile section */
		18604E2817A3AF8B00320A8A /* Foundation.framework in Frameworks */ = {isa = PBXBuildFile; fileRef = 18604E2717A3AF8B00320A8A /* Foundation.framework */; };
		18604E2B17A3AF8B00320A8A /* main.m in Sources */ = {isa = PBXBuildFile; fileRef = 18604E2A17A3AF8B00320A8A /* main.m */; };
		18604E2F17A3AF8B00320A8A /* _3_NSArrayDemo.1 in CopyFiles */ = {isa = PBXBuildFile; fileRef = 18604E2E17A3AF8B00320A8A /* _3_NSArrayDemo.1 */; };
		81A7294A17A3E32C007E385E /* main.m in Sources */ = {isa = PBXBuildFile; fileRef = 81A7294917A3E32C007E385E /* main.m */; };
/* End PBXBuildFile section */

/* Begin PBXCopyFilesBuildPhase section */
		18604E2217A3AF8B00320A8A /* CopyFiles */ = {
			isa = PBXCopyFilesBuildPhase;
			buildActionMask = 2147483647;
			dstPath = /usr/share/man/man1/;
			dstSubfolderSpec = 0;
			files = (
				18604E2F17A3AF8B00320A8A /* _3_NSArrayDemo.1 in CopyFiles */,
			);
			runOnlyForDeploymentPostprocessing = 1;
		};
/* End PBXCopyFilesBuildPhase section */

/* Begin PBXFileReference section */
		18604E2417A3AF8B00320A8A /* 03.NSArrayDemo */ = {isa = PBXFileReference; explicitFileType = "compiled.mach-o.executable"; includeInIndex = 0; path = 03.NSArrayDemo; sourceTree = BUILT_PRODUCTS_DIR; };
		18604E2717A3AF8B00320A8A /* Foundation.framework */ = {isa = PBXFileReference; lastKnownFileType = wrapper.framework; name = Foundation.framework; path = System/Library/Frameworks/Foundation.framework; sourceTree = SDKROOT; };
		18604E2A17A3AF8B00320A8A /* main.m */ = {isa = PBXFileReference; lastKnownFileType = sourcecode.c.objc; path = main.m; sourceTree = "<group>"; };
		18604E2D17A3AF8B00320A8A /* 03.NSArrayDemo-Prefix.pch */ = {isa = PBXFileReference; lastKnownFileType = sourcecode.c.h; path = "03.NSArrayDemo-Prefix.pch"; sourceTree = "<group>"; };
		18604E2E17A3AF8B00320A8A /* _3_NSArrayDemo.1 */ = {isa = PBXFileReference; lastKnownFileType = text.man; path = _3_NSArrayDemo.1; sourceTree = "<group>"; };
		81A7294717A3E32C007E385E /* _3_NSArrayDemo.1 */ = {isa = PBXFileReference; fileEncoding = 4; lastKnownFileType = text.man; path = _3_NSArrayDemo.1; sourceTree = "<group>"; };
		81A7294817A3E32C007E385E /* 03.NSArrayDemo-Prefix.pch */ = {isa = PBXFileReference; fileEncoding = 4; lastKnownFileType = sourcecode.c.h; path = "03.NSArrayDemo-Prefix.pch"; sourceTree = "<group>"; };
		81A7294917A3E32C007E385E /* main.m */ = {isa = PBXFileReference; fileEncoding = 4; lastKnownFileType = sourcecode.c.objc; path = main.m; sourceTree = "<group>"; };
/* End PBXFileReference section */

/* Begin PBXFrameworksBuildPhase section */
		18604E2117A3AF8B00320A8A /* Frameworks */ = {
			isa = PBXFrameworksBuildPhase;
			buildActionMask = 2147483647;
			files = (
				18604E2817A3AF8B00320A8A /* Foundation.framework in Frameworks */,
			);
			runOnlyForDeploymentPostprocessing = 0;
		};
/* End PBXFrameworksBuildPhase section */

/* Begin PBXGroup section */
		18604E1B17A3AF8B00320A8A = {
			isa = PBXGroup;
			children = (
				18604E2917A3AF8B00320A8A /* 03.NSArrayDemo */,
				18604E2617A3AF8B00320A8A /* Frameworks */,
				18604E2517A3AF8B00320A8A /* Products */,
			);
			sourceTree = "<group>";
		};
		18604E2517A3AF8B00320A8A /* Products */ = {
			isa = PBXGroup;
			children = (
				18604E2417A3AF8B00320A8A /* 03.NSArrayDemo */,
			);
			name = Products;
			sourceTree = "<group>";
		};
		18604E2617A3AF8B00320A8A /* Frameworks */ = {
			isa = PBXGroup;
			children = (
				18604E2717A3AF8B00320A8A /* Foundation.framework */,
			);
			name = Frameworks;
			sourceTree = "<group>";
		};
		18604E2917A3AF8B00320A8A /* 03.NSArrayDemo */ = {
			isa = PBXGroup;
			children = (
				18604E2A17A3AF8B00320A8A /* main.m */,
				81A7294717A3E32C007E385E /* _3_NSArrayDemo.1 */,
				81A7294817A3E32C007E385E /* 03.NSArrayDemo-Prefix.pch */,
				81A7294917A3E32C007E385E /* main.m */,
				18604E2E17A3AF8B00320A8A /* _3_NSArrayDemo.1 */,
				18604E2C17A3AF8B00320A8A /* Supporting Files */,
			);
			path = 03.NSArrayDemo;
			sourceTree = "<group>";
		};
		18604E2C17A3AF8B00320A8A /* Supporting Files */ = {
			isa = PBXGroup;
			children = (
				18604E2D17A3AF8B00320A8A /* 03.NSArrayDemo-Prefix.pch */,
			);
			name = "Supporting Files";
			sourceTree = "<group>";
		};
/* End PBXGroup section */

/* Begin PBXNativeTarget section */
		18604E2317A3AF8B00320A8A /* 03.NSArrayDemo */ = {
			isa = PBXNativeTarget;
			buildConfigurationList = 18604E3217A3AF8B00320A8A /* Build configuration list for PBXNativeTarget "03.NSArrayDemo" */;
			buildPhases = (
				18604E2017A3AF8B00320A8A /* Sources */,
				18604E2117A3AF8B00320A8A /* Frameworks */,
				18604E2217A3AF8B00320A8A /* CopyFiles */,
			);
			buildRules = (
			);
			dependencies = (
			);
			name = 03.NSArrayDemo;
			productName = 03.NSArrayDemo;
			productReference = 18604E2417A3AF8B00320A8A /* 03.NSArrayDemo */;
			productType = "com.apple.product-type.tool";
		};
/* End PBXNativeTarget section */

/* Begin PBXProject section */
		18604E1C17A3AF8B00320A8A /* Project object */ = {
			isa = PBXProject;
			attributes = {
				LastUpgradeCheck = 0460;
				ORGANIZATIONNAME = "www.iphonetrain.com 无限互联3G学院";
			};
			buildConfigurationList = 18604E1F17A3AF8B00320A8A /* Build configuration list for PBXProject "03.NSArrayDemo" */;
			compatibilityVersion = "Xcode 3.2";
			developmentRegion = English;
			hasScannedForEncodings = 0;
			knownRegions = (
				en,
			);
			mainGroup = 18604E1B17A3AF8B00320A8A;
			productRefGroup = 18604E2517A3AF8B00320A8A /* Products */;
			projectDirPath = "";
			projectRoot = "";
			targets = (
				18604E2317A3AF8B00320A8A /* 03.NSArrayDemo */,
			);
		};
/* End PBXProject section */

/* Begin PBXSourcesBuildPhase section */
		18604E2017A3AF8B00320A8A /* Sources */ = {
			isa = PBXSourcesBuildPhase;
			buildActionMask = 2147483647;
			files = (
				18604E2B17A3AF8B00320A8A /* main.m in Sources */,
				81A7294A17A3E32C007E385E /* main.m in Sources */,
			);
			runOnlyForDeploymentPostprocessing = 0;
		};
/* End PBXSourcesBuildPhase section */

/* Begin XCBuildConfiguration section */
		18604E3017A3AF8B00320A8A /* Debug */ = {
			isa = XCBuildConfiguration;
			buildSettings = {
				ALWAYS_SEARCH_USER_PATHS = NO;
				ARCHS = "$(ARCHS_STANDARD_64_BIT)";
				CLANG_CXX_LANGUAGE_STANDARD = "gnu++0x";
				CLANG_CXX_LIBRARY = "libc++";
				CLANG_WARN_CONSTANT_CONVERSION = YES;
				CLANG_WARN_EMPTY_BODY = YES;
				CLANG_WARN_ENUM_CONVERSION = YES;
				CLANG_WARN_INT_CONVERSION = YES;
				CLANG_WARN__DUPLICATE_METHOD_MATCH = YES;
				COPY_PHASE_STRIP = NO;
				GCC_C_LANGUAGE_STANDARD = gnu99;
				GCC_DYNAMIC_NO_PIC = NO;
				GCC_ENABLE_OBJC_EXCEPTIONS = YES;
				GCC_OPTIMIZATION_LEVEL = 0;
				GCC_PREPROCESSOR_DEFINITIONS = (
					"DEBUG=1",
					"$(inherited)",
				);
				GCC_SYMBOLS_PRIVATE_EXTERN = NO;
				GCC_WARN_64_TO_32_BIT_CONVERSION = YES;
				GCC_WARN_ABOUT_RETURN_TYPE = YES;
				GCC_WARN_UNINITIALIZED_AUTOS = YES;
				GCC_WARN_UNUSED_VARIABLE = YES;
				MACOSX_DEPLOYMENT_TARGET = 10.8;
				ONLY_ACTIVE_ARCH = YES;
				SDKROOT = macosx;
			};
			name = Debug;
		};
		18604E3117A3AF8B00320A8A /* Release */ = {
			isa = XCBuildConfiguration;
			buildSettings = {
				ALWAYS_SEARCH_USER_PATHS = NO;
				ARCHS = "$(ARCHS_STANDARD_64_BIT)";
				CLANG_CXX_LANGUAGE_STANDARD = "gnu++0x";
				CLANG_CXX_LIBRARY = "libc++";
				CLANG_WARN_CONSTANT_CONVERSION = YES;
				CLANG_WARN_EMPTY_BODY = YES;
				CLANG_WARN_ENUM_CONVERSION = YES;
				CLANG_WARN_INT_CONVERSION = YES;
				CLANG_WARN__DUPLICATE_METHOD_MATCH = YES;
				COPY_PHASE_STRIP = YES;
				DEBUG_INFORMATION_FORMAT = "dwarf-with-dsym";
				GCC_C_LANGUAGE_STANDARD = gnu99;
				GCC_ENABLE_OBJC_EXCEPTIONS = YES;
				GCC_WARN_64_TO_32_BIT_CONVERSION = YES;
				GCC_WARN_ABOUT_RETURN_TYPE = YES;
				GCC_WARN_UNINITIALIZED_AUTOS = YES;
				GCC_WARN_UNUSED_VARIABLE = YES;
				MACOSX_DEPLOYMENT_TARGET = 10.8;
				SDKROOT = macosx;
			};
			name = Release;
		};
		18604E3317A3AF8B00320A8A /* Debug */ = {
			isa = XCBuildConfiguration;
			buildSettings = {
				GCC_PRECOMPILE_PREFIX_HEADER = YES;
				GCC_PREFIX_HEADER = "03.NSArrayDemo/03.NSArrayDemo-Prefix.pch";
				PRODUCT_NAME = "$(TARGET_NAME)";
			};
			name = Debug;
		};
		18604E3417A3AF8B00320A8A /* Release */ = {
			isa = XCBuildConfiguration;
			buildSettings = {
				GCC_PRECOMPILE_PREFIX_HEADER = YES;
				GCC_PREFIX_HEADER = "03.NSArrayDemo/03.NSArrayDemo-Prefix.pch";
				PRODUCT_NAME = "$(TARGET_NAME)";
			};
			name = Release;
		};
/* End XCBuildConfiguration section */

/* Begin XCConfigurationList section */
		18604E1F17A3AF8B00320A8A /* Build configuration list for PBXProject "03.NSArrayDemo" */ = {
			isa = XCConfigurationList;
			buildConfigurations = (
				18604E3017A3AF8B00320A8A /* Debug */,
				18604E3117A3AF8B00320A8A /* Release */,
			);
			defaultConfigurationIsVisible = 0;
			defaultConfigurationName = Release;
		};
		18604E3217A3AF8B00320A8A /* Build configuration list for PBXNativeTarget "03.NSArrayDemo" */ = {
			isa = XCConfigurationList;
			buildConfigurations = (
				18604E3317A3AF8B00320A8A /* Debug */,
				18604E3417A3AF8B00320A8A /* Release */,
			);
			defaultConfigurationIsVisible = 0;
			defaultConfigurationName = Release;
		};
/* End XCConfigurationList section */
	};
	rootObject = 18604E1C17A3AF8B00320A8A /* Project object */;
}
